
Microsoft Visual Studio Solution File, Format Version 12.00
# Visual Studio Version 16
VisualStudioVersion = 16.0.31624.102
MinimumVisualStudioVersion = 10.0.40219.1
Project("{8BC9CEB8-8B4A-11D0-8D11-00A0C91BC942}") = "saveDemoApp", "saveDemoApp\saveDemoApp.vcxproj", "{67895518-BA06-40C0-AD13-537CF3DFB6D5}"
EndProject
Global
	GlobalSection(SolutionConfigurationPlatforms) = preSolution
		Debug|x64 = Debug|x64
		Debug|x86 = Debug|x86
		Release|x64 = Release|x64
		Release|x86 = Release|x86
	EndGlobalSection
	GlobalSection(ProjectConfigurationPlatforms) = postSolution
		{67895518-BA06-40C0-AD13-537CF3DFB6D5}.Debug|x64.ActiveCfg = Debug|x64
		{67895518-BA06-40C0-AD13-537CF3DFB6D5}.Debug|x64.Build.0 = Debug|x64
		{67895518-BA06-40C0-AD13-537CF3DFB6D5}.Debug|x86.ActiveCfg = Release|x64
		{67895518-BA06-40C0-AD13-537CF3DFB6D5}.Debug|x86.Build.0 = Release|x64
		{67895518-BA06-40C0-AD13-537CF3DFB6D5}.Release|x64.ActiveCfg = Release|x64
		{67895518-BA06-40C0-AD13-537CF3DFB6D5}.Release|x64.Build.0 = Release|x64
		{67895518-BA06-40C0-AD13-537CF3DFB6D5}.Release|x86.ActiveCfg = Release|Win32
		{67895518-BA06-40C0-AD13-537CF3DFB6D5}.Release|x86.Build.0 = Release|Win32
	EndGlobalSection
	GlobalSection(SolutionProperties) = preSolution
		HideSolutionNode = FALSE
	EndGlobalSection
	GlobalSection(ExtensibilityGlobals) = postSolution
		SolutionGuid = {49E84C7C-EFE6-4846-9E2A-6C256327242E}
	EndGlobalSection
EndGlobal
